
Microsoft Visual Studio Solution File, Format Version 12.00
# Visual Studio Version 16
VisualStudioVersion = 16.0.31624.102
MinimumVisualStudioVersion = 10.0.40219.1
Project("{9A19103F-16F7-4668-BE54-9A1E7A4F7556}") = "Kyrsach(Forms)", "Kyrsach(Forms)\Kyrsach(Forms).csproj", "{CC81DCD6-B885-45B1-AE24-3D78070BC8A9}"
EndProject
Project("{54435603-DBB4-11D2-8724-00A0C9A8B90C}") = "Setup1", "Setup1\Setup1.vdproj", "{36BC4558-CA1D-47AA-991A-4D5BE4EABBF8}"
EndProject
Global
	GlobalSection(SolutionConfigurationPlatforms) = preSolution
		Debug|Any CPU = Debug|Any CPU
		Release|Any CPU = Release|Any CPU
	EndGlobalSection
	GlobalSection(ProjectConfigurationPlatforms) = postSolution
		{CC81DCD6-B885-45B1-AE24-3D78070BC8A9}.Debug|Any CPU.ActiveCfg = Debug|Any CPU
		{CC81DCD6-B885-45B1-AE24-3D78070BC8A9}.Debug|Any CPU.Build.0 = Debug|Any CPU
		{CC81DCD6-B885-45B1-AE24-3D78070BC8A9}.Release|Any CPU.ActiveCfg = Release|Any CPU
		{CC81DCD6-B885-45B1-AE24-3D78070BC8A9}.Release|Any CPU.Build.0 = Release|Any CPU
		{36BC4558-CA1D-47AA-991A-4D5BE4EABBF8}.Debug|Any CPU.ActiveCfg = Debug
		{36BC4558-CA1D-47AA-991A-4D5BE4EABBF8}.Release|Any CPU.ActiveCfg = Release
	EndGlobalSection
	GlobalSection(SolutionProperties) = preSolution
		HideSolutionNode = FALSE
	EndGlobalSection
	GlobalSection(ExtensibilityGlobals) = postSolution
		SolutionGuid = {04AF9185-33CE-4AB0-9CCA-08835A474D0B}
	EndGlobalSection
EndGlobal
